
Microsoft Visual Studio Solution File, Format Version 12.00
# Visual Studio Version 16
VisualStudioVersion = 16.0.28922.388
MinimumVisualStudioVersion = 10.0.40219.1
Project("{FAE04EC0-301F-11D3-BF4B-00C04F79EFBC}") = "ProjetoEntityFramework", "ProjetoEntityFramework.csproj", "{B6B9BA49-F3F8-4F0F-9CAA-8356635F35B2}"
EndProject
Global
	GlobalSection(SolutionConfigurationPlatforms) = preSolution
		Debug|Any CPU = Debug|Any CPU
		Release|Any CPU = Release|Any CPU
	EndGlobalSection
	GlobalSection(ProjectConfigurationPlatforms) = postSolution
		{B6B9BA49-F3F8-4F0F-9CAA-8356635F35B2}.Debug|Any CPU.ActiveCfg = Debug|Any CPU
		{B6B9BA49-F3F8-4F0F-9CAA-8356635F35B2}.Debug|Any CPU.Build.0 = Debug|Any CPU
		{B6B9BA49-F3F8-4F0F-9CAA-8356635F35B2}.Release|Any CPU.ActiveCfg = Release|Any CPU
		{B6B9BA49-F3F8-4F0F-9CAA-8356635F35B2}.Release|Any CPU.Build.0 = Release|Any CPU
	EndGlobalSection
	GlobalSection(SolutionProperties) = preSolution
		HideSolutionNode = FALSE
	EndGlobalSection
	GlobalSection(ExtensibilityGlobals) = postSolution
		SolutionGuid = {6408AB66-1F80-4E55-9104-E72650796730}
	EndGlobalSection
EndGlobal
